
Microsoft Visual Studio Solution File, Format Version 12.00
# Visual Studio Version 17
VisualStudioVersion = 17.8.34525.116
MinimumVisualStudioVersion = 10.0.40219.1
Project("{FAE04EC0-301F-11D3-BF4B-00C04F79EFBC}") = "VoitingSolution", "VoitingSolution\VoitingSolution.csproj", "{DD7CE37D-924E-4826-BC1E-389DF251FCAF}"
EndProject
Global
	GlobalSection(SolutionConfigurationPlatforms) = preSolution
		Debug|Any CPU = Debug|Any CPU
		Release|Any CPU = Release|Any CPU
	EndGlobalSection
	GlobalSection(ProjectConfigurationPlatforms) = postSolution
		{DD7CE37D-924E-4826-BC1E-389DF251FCAF}.Debug|Any CPU.ActiveCfg = Debug|Any CPU
		{DD7CE37D-924E-4826-BC1E-389DF251FCAF}.Debug|Any CPU.Build.0 = Debug|Any CPU
		{DD7CE37D-924E-4826-BC1E-389DF251FCAF}.Release|Any CPU.ActiveCfg = Release|Any CPU
		{DD7CE37D-924E-4826-BC1E-389DF251FCAF}.Release|Any CPU.Build.0 = Release|Any CPU
	EndGlobalSection
	GlobalSection(SolutionProperties) = preSolution
		HideSolutionNode = FALSE
	EndGlobalSection
	GlobalSection(ExtensibilityGlobals) = postSolution
		SolutionGuid = {9D16832D-77D3-4CDE-8C1D-F5A8315FD632}
	EndGlobalSection
EndGlobal
